# auto-generated by grc.converter

id: radioteletype_varicode_encode_bb
label: Varicode Encoder
category: '[Radioteletype]'

inputs:
-   domain: stream
    dtype: byte

outputs:
-   domain: stream
    dtype: byte

templates:
    imports: from gnuradio.radioteletype.modulators import varicode_encode_bb
    make: varicode_encode_bb()

file_format: 1
