# auto-generated by grc.converter

id: radioteletype_baudot_encode_bb
label: Baudot Encode
category: '[Radioteletype]'

inputs:
-   domain: stream
    dtype: byte

outputs:
-   domain: stream
    dtype: byte

templates:
    imports: from gnuradio.radioteletype.modulators import baudot_encode_bb
    make: baudot_encode_bb()

file_format: 1
