# auto-generated by grc.converter

id: psk31_constellation_decoder
label: PSK31 Constellation Decode
category: '[Radioteletype]'

parameters:
-   id: varicode_decode
    label: Varicode Decode
    dtype: bool
    default: 'True'
-   id: differential_decode
    label: Differential Decode
    dtype: bool
    default: 'True'

inputs:
-   domain: stream
    dtype: complex
    vlen: 1

outputs:
-   domain: stream
    dtype: byte
    vlen: 1

templates:
    imports: from radioteletype.demodulators import psk31_constellation_decoder_cb
    make: |-
        psk31_constellation_decoder_cb(
            varicode_decode=${varicode_decode},
            differential_decode=${differential_decode},
        )

file_format: 1
