# auto-generated by grc.converter

id: radioteletype_varicode_decode_bb
label: Varicode Decoder
category: '[Radioteletype]'

inputs:
-   domain: stream
    dtype: byte

outputs:
-   domain: stream
    dtype: byte

templates:
    imports: from radioteletype.demodulators import varicode_decode_bb
    make: varicode_decode_bb()

file_format: 1
