# auto-generated by grc.converter

id: fm_fsk_mod_bc
label: FM FSK Modulator
category: '[Radioteletype]'

parameters:
-   id: samp_per_bit
    label: Samples per Bit
    dtype: int
-   id: samp_rate
    label: Sample Rate
    dtype: int
    default: samp_rate
-   id: spacing
    label: Spacing
    dtype: float
-   id: taps
    label: Taps
    dtype: raw
    default: '[1]'

inputs:
-   domain: stream
    dtype: byte
    vlen: 1

outputs:
-   domain: stream
    dtype: complex
    vlen: 1

templates:
    imports: from radioteletype.modulators import fm_fsk_mod_bc
    make: |-
        fm_fsk_mod_bc(
            samp_per_bit=${samp_per_bit},
            samp_rate=${samp_rate},
            spacing=${spacing},
            taps=${taps},
        )
    callbacks:
    - set_samp_per_bit(${samp_per_bit})
    - set_samp_rate(${samp_rate})
    - set_spacing(${spacing})
    - set_taps(${taps})

file_format: 1
