# auto-generated by grc.converter

id: radioteletype_async_word_extractor_bb
label: Async Word Extractor
category: '[Radioteletype]'

parameters:
-   id: bits_per_word
    label: Bits per Word
    dtype: int
-   id: sample_rate
    label: Sample Rate
    dtype: float
-   id: bit_rate
    label: Bit Rate
    dtype: float

inputs:
-   domain: stream
    dtype: byte

outputs:
-   domain: stream
    dtype: byte

templates:
    imports: import gnuradio.radioteletype as radioteletype
    make: radioteletype.demodulators.async_word_extractor_bb(${bits_per_word}, ${sample_rate},
        ${bit_rate})

file_format: 1
